
Microsoft Visual Studio Solution File, Format Version 12.00
# Visual Studio Version 17
VisualStudioVersion = 17.0.32014.148
MinimumVisualStudioVersion = 10.0.40219.1
Project("{9A19103F-16F7-4668-BE54-9A1E7A4F7556}") = "GetCountMethods", "GetCountMethods\GetCountMethods.csproj", "{0F4F470A-ADD0-4CB0-9947-BCAA9D7C2BE0}"
EndProject
Project("{9A19103F-16F7-4668-BE54-9A1E7A4F7556}") = "DoubleAndDecimal", "DoubleAndDecimal\DoubleAndDecimal.csproj", "{14B4B683-3A42-437D-88D7-02BF320A58A9}"
EndProject
Project("{9A19103F-16F7-4668-BE54-9A1E7A4F7556}") = "ArrayLearning", "ArrayLearning\ArrayLearning.csproj", "{CED9F225-72C0-46D2-A085-01B3DBA8CBEF}"
EndProject
Project("{9A19103F-16F7-4668-BE54-9A1E7A4F7556}") = "NullHanding", "NullHanding\NullHanding.csproj", "{F9A0215B-1811-4058-A0CD-90DF7A42452A}"
EndProject
Project("{9A19103F-16F7-4668-BE54-9A1E7A4F7556}") = "ConsoleKeyLearning", "ConsoleKeyLearning\ConsoleKeyLearning.csproj", "{03BE6706-5A66-490C-8DF7-CD5388C4D9AC}"
EndProject
Project("{9A19103F-16F7-4668-BE54-9A1E7A4F7556}") = "ArgumentsLearning", "ArgumentsLearning\ArgumentsLearning.csproj", "{C787C3F5-69E9-48EC-8C3B-F3B2E6421D36}"
EndProject
Project("{9A19103F-16F7-4668-BE54-9A1E7A4F7556}") = "StandartTypes", "StandartTypes\StandartTypes.csproj", "{311ED64C-2D10-42CA-AEB0-B19E3EEF7615}"
EndProject
Project("{9A19103F-16F7-4668-BE54-9A1E7A4F7556}") = "ifis", "ifis\ifis.csproj", "{9B5DFD9D-23D4-4697-BB03-E434D3E3F7AF}"
EndProject
Project("{9A19103F-16F7-4668-BE54-9A1E7A4F7556}") = "Switch", "Switch\Switch.csproj", "{C6337A79-8792-4D2D-91AB-6891A7BFB621}"
EndProject
Project("{9A19103F-16F7-4668-BE54-9A1E7A4F7556}") = "Password", "Password\Password.csproj", "{B4131179-6E12-4578-9131-11E1609A31B4}"
EndProject
Project("{9A19103F-16F7-4668-BE54-9A1E7A4F7556}") = "PrintTriangle", "PrintTriangle\PrintTriangle.csproj", "{33FC7B32-4B08-4DD3-9152-CE5CE0A0698D}"
EndProject
Project("{9A19103F-16F7-4668-BE54-9A1E7A4F7556}") = "MethodsHomework", "MethodsHomework\MethodsHomework.csproj", "{D90B1C01-BBAF-448E-9DAF-49C9D68DAD1D}"
EndProject
Project("{9A19103F-16F7-4668-BE54-9A1E7A4F7556}") = "fastTest", "fastTest\fastTest.csproj", "{16A63677-D9B8-4FF9-9082-D85B96BACC48}"
EndProject
Project("{9A19103F-16F7-4668-BE54-9A1E7A4F7556}") = "NullLearning", "NullLearning\NullLearning.csproj", "{D427F01B-B3AA-46DE-B38A-6BDD00EA9430}"
EndProject
Project("{9A19103F-16F7-4668-BE54-9A1E7A4F7556}") = "ReferencTypesHomework", "ReferencTypesHomework\ReferencTypesHomework.csproj", "{32DC1B70-9624-4A42-9A9A-1D96544C9B74}"
EndProject
Project("{9A19103F-16F7-4668-BE54-9A1E7A4F7556}") = "ModMethodsRefOutInParams", "ModMethodsRefOutInParams\ModMethodsRefOutInParams.csproj", "{9BFB455D-4B39-43C0-9B18-1E23020387F6}"
EndProject
Project("{9A19103F-16F7-4668-BE54-9A1E7A4F7556}") = "Recursion", "Recursion\Recursion.csproj", "{102352C9-DC25-45CE-A172-16FA18D39C86}"
EndProject
Project("{FAE04EC0-301F-11D3-BF4B-00C04F79EFBC}") = "EnumLearning", "EnumLearning\EnumLearning.csproj", "{35CB21F9-DC4B-4CF6-A7C0-7C291157BB6E}"
EndProject
Project("{2150E333-8FDC-42A3-9474-1A3956D46DE8}") = "2. OOP", "2. OOP", "{F42C3564-A13E-49F6-ACA8-415F922531A2}"
EndProject
Project("{2150E333-8FDC-42A3-9474-1A3956D46DE8}") = "1. Base", "1. Base", "{6C5E17E4-C751-4A56-9755-EA88A9AD967C}"
EndProject
Project("{FAE04EC0-301F-11D3-BF4B-00C04F79EFBC}") = "ClassLearning", "ClassLearning\ClassLearning.csproj", "{CD1575CF-3067-4089-88C0-95DA4ADF4C96}"
EndProject
Global
	GlobalSection(SolutionConfigurationPlatforms) = preSolution
		Debug|Any CPU = Debug|Any CPU
		Release|Any CPU = Release|Any CPU
	EndGlobalSection
	GlobalSection(ProjectConfigurationPlatforms) = postSolution
		{0F4F470A-ADD0-4CB0-9947-BCAA9D7C2BE0}.Debug|Any CPU.ActiveCfg = Debug|Any CPU
		{0F4F470A-ADD0-4CB0-9947-BCAA9D7C2BE0}.Debug|Any CPU.Build.0 = Debug|Any CPU
		{0F4F470A-ADD0-4CB0-9947-BCAA9D7C2BE0}.Release|Any CPU.ActiveCfg = Release|Any CPU
		{0F4F470A-ADD0-4CB0-9947-BCAA9D7C2BE0}.Release|Any CPU.Build.0 = Release|Any CPU
		{14B4B683-3A42-437D-88D7-02BF320A58A9}.Debug|Any CPU.ActiveCfg = Debug|Any CPU
		{14B4B683-3A42-437D-88D7-02BF320A58A9}.Debug|Any CPU.Build.0 = Debug|Any CPU
		{14B4B683-3A42-437D-88D7-02BF320A58A9}.Release|Any CPU.ActiveCfg = Release|Any CPU
		{14B4B683-3A42-437D-88D7-02BF320A58A9}.Release|Any CPU.Build.0 = Release|Any CPU
		{CED9F225-72C0-46D2-A085-01B3DBA8CBEF}.Debug|Any CPU.ActiveCfg = Debug|Any CPU
		{CED9F225-72C0-46D2-A085-01B3DBA8CBEF}.Debug|Any CPU.Build.0 = Debug|Any CPU
		{CED9F225-72C0-46D2-A085-01B3DBA8CBEF}.Release|Any CPU.ActiveCfg = Release|Any CPU
		{CED9F225-72C0-46D2-A085-01B3DBA8CBEF}.Release|Any CPU.Build.0 = Release|Any CPU
		{F9A0215B-1811-4058-A0CD-90DF7A42452A}.Debug|Any CPU.ActiveCfg = Debug|Any CPU
		{F9A0215B-1811-4058-A0CD-90DF7A42452A}.Debug|Any CPU.Build.0 = Debug|Any CPU
		{F9A0215B-1811-4058-A0CD-90DF7A42452A}.Release|Any CPU.ActiveCfg = Release|Any CPU
		{F9A0215B-1811-4058-A0CD-90DF7A42452A}.Release|Any CPU.Build.0 = Release|Any CPU
		{03BE6706-5A66-490C-8DF7-CD5388C4D9AC}.Debug|Any CPU.ActiveCfg = Debug|Any CPU
		{03BE6706-5A66-490C-8DF7-CD5388C4D9AC}.Debug|Any CPU.Build.0 = Debug|Any CPU
		{03BE6706-5A66-490C-8DF7-CD5388C4D9AC}.Release|Any CPU.ActiveCfg = Release|Any CPU
		{03BE6706-5A66-490C-8DF7-CD5388C4D9AC}.Release|Any CPU.Build.0 = Release|Any CPU
		{C787C3F5-69E9-48EC-8C3B-F3B2E6421D36}.Debug|Any CPU.ActiveCfg = Debug|Any CPU
		{C787C3F5-69E9-48EC-8C3B-F3B2E6421D36}.Debug|Any CPU.Build.0 = Debug|Any CPU
		{C787C3F5-69E9-48EC-8C3B-F3B2E6421D36}.Release|Any CPU.ActiveCfg = Release|Any CPU
		{C787C3F5-69E9-48EC-8C3B-F3B2E6421D36}.Release|Any CPU.Build.0 = Release|Any CPU
		{311ED64C-2D10-42CA-AEB0-B19E3EEF7615}.Debug|Any CPU.ActiveCfg = Debug|Any CPU
		{311ED64C-2D10-42CA-AEB0-B19E3EEF7615}.Debug|Any CPU.Build.0 = Debug|Any CPU
		{311ED64C-2D10-42CA-AEB0-B19E3EEF7615}.Release|Any CPU.ActiveCfg = Release|Any CPU
		{311ED64C-2D10-42CA-AEB0-B19E3EEF7615}.Release|Any CPU.Build.0 = Release|Any CPU
		{9B5DFD9D-23D4-4697-BB03-E434D3E3F7AF}.Debug|Any CPU.ActiveCfg = Debug|Any CPU
		{9B5DFD9D-23D4-4697-BB03-E434D3E3F7AF}.Debug|Any CPU.Build.0 = Debug|Any CPU
		{9B5DFD9D-23D4-4697-BB03-E434D3E3F7AF}.Release|Any CPU.ActiveCfg = Release|Any CPU
		{9B5DFD9D-23D4-4697-BB03-E434D3E3F7AF}.Release|Any CPU.Build.0 = Release|Any CPU
		{C6337A79-8792-4D2D-91AB-6891A7BFB621}.Debug|Any CPU.ActiveCfg = Debug|Any CPU
		{C6337A79-8792-4D2D-91AB-6891A7BFB621}.Debug|Any CPU.Build.0 = Debug|Any CPU
		{C6337A79-8792-4D2D-91AB-6891A7BFB621}.Release|Any CPU.ActiveCfg = Release|Any CPU
		{C6337A79-8792-4D2D-91AB-6891A7BFB621}.Release|Any CPU.Build.0 = Release|Any CPU
		{B4131179-6E12-4578-9131-11E1609A31B4}.Debug|Any CPU.ActiveCfg = Debug|Any CPU
		{B4131179-6E12-4578-9131-11E1609A31B4}.Debug|Any CPU.Build.0 = Debug|Any CPU
		{B4131179-6E12-4578-9131-11E1609A31B4}.Release|Any CPU.ActiveCfg = Release|Any CPU
		{B4131179-6E12-4578-9131-11E1609A31B4}.Release|Any CPU.Build.0 = Release|Any CPU
		{33FC7B32-4B08-4DD3-9152-CE5CE0A0698D}.Debug|Any CPU.ActiveCfg = Debug|Any CPU
		{33FC7B32-4B08-4DD3-9152-CE5CE0A0698D}.Debug|Any CPU.Build.0 = Debug|Any CPU
		{33FC7B32-4B08-4DD3-9152-CE5CE0A0698D}.Release|Any CPU.ActiveCfg = Release|Any CPU
		{33FC7B32-4B08-4DD3-9152-CE5CE0A0698D}.Release|Any CPU.Build.0 = Release|Any CPU
		{D90B1C01-BBAF-448E-9DAF-49C9D68DAD1D}.Debug|Any CPU.ActiveCfg = Debug|Any CPU
		{D90B1C01-BBAF-448E-9DAF-49C9D68DAD1D}.Debug|Any CPU.Build.0 = Debug|Any CPU
		{D90B1C01-BBAF-448E-9DAF-49C9D68DAD1D}.Release|Any CPU.ActiveCfg = Release|Any CPU
		{D90B1C01-BBAF-448E-9DAF-49C9D68DAD1D}.Release|Any CPU.Build.0 = Release|Any CPU
		{16A63677-D9B8-4FF9-9082-D85B96BACC48}.Debug|Any CPU.ActiveCfg = Debug|Any CPU
		{16A63677-D9B8-4FF9-9082-D85B96BACC48}.Debug|Any CPU.Build.0 = Debug|Any CPU
		{16A63677-D9B8-4FF9-9082-D85B96BACC48}.Release|Any CPU.ActiveCfg = Release|Any CPU
		{16A63677-D9B8-4FF9-9082-D85B96BACC48}.Release|Any CPU.Build.0 = Release|Any CPU
		{D427F01B-B3AA-46DE-B38A-6BDD00EA9430}.Debug|Any CPU.ActiveCfg = Debug|Any CPU
		{D427F01B-B3AA-46DE-B38A-6BDD00EA9430}.Debug|Any CPU.Build.0 = Debug|Any CPU
		{D427F01B-B3AA-46DE-B38A-6BDD00EA9430}.Release|Any CPU.ActiveCfg = Release|Any CPU
		{D427F01B-B3AA-46DE-B38A-6BDD00EA9430}.Release|Any CPU.Build.0 = Release|Any CPU
		{32DC1B70-9624-4A42-9A9A-1D96544C9B74}.Debug|Any CPU.ActiveCfg = Debug|Any CPU
		{32DC1B70-9624-4A42-9A9A-1D96544C9B74}.Debug|Any CPU.Build.0 = Debug|Any CPU
		{32DC1B70-9624-4A42-9A9A-1D96544C9B74}.Release|Any CPU.ActiveCfg = Release|Any CPU
		{32DC1B70-9624-4A42-9A9A-1D96544C9B74}.Release|Any CPU.Build.0 = Release|Any CPU
		{9BFB455D-4B39-43C0-9B18-1E23020387F6}.Debug|Any CPU.ActiveCfg = Debug|Any CPU
		{9BFB455D-4B39-43C0-9B18-1E23020387F6}.Debug|Any CPU.Build.0 = Debug|Any CPU
		{9BFB455D-4B39-43C0-9B18-1E23020387F6}.Release|Any CPU.ActiveCfg = Release|Any CPU
		{9BFB455D-4B39-43C0-9B18-1E23020387F6}.Release|Any CPU.Build.0 = Release|Any CPU
		{102352C9-DC25-45CE-A172-16FA18D39C86}.Debug|Any CPU.ActiveCfg = Debug|Any CPU
		{102352C9-DC25-45CE-A172-16FA18D39C86}.Debug|Any CPU.Build.0 = Debug|Any CPU
		{102352C9-DC25-45CE-A172-16FA18D39C86}.Release|Any CPU.ActiveCfg = Release|Any CPU
		{102352C9-DC25-45CE-A172-16FA18D39C86}.Release|Any CPU.Build.0 = Release|Any CPU
		{35CB21F9-DC4B-4CF6-A7C0-7C291157BB6E}.Debug|Any CPU.ActiveCfg = Debug|Any CPU
		{35CB21F9-DC4B-4CF6-A7C0-7C291157BB6E}.Debug|Any CPU.Build.0 = Debug|Any CPU
		{35CB21F9-DC4B-4CF6-A7C0-7C291157BB6E}.Release|Any CPU.ActiveCfg = Release|Any CPU
		{35CB21F9-DC4B-4CF6-A7C0-7C291157BB6E}.Release|Any CPU.Build.0 = Release|Any CPU
		{CD1575CF-3067-4089-88C0-95DA4ADF4C96}.Debug|Any CPU.ActiveCfg = Debug|Any CPU
		{CD1575CF-3067-4089-88C0-95DA4ADF4C96}.Debug|Any CPU.Build.0 = Debug|Any CPU
		{CD1575CF-3067-4089-88C0-95DA4ADF4C96}.Release|Any CPU.ActiveCfg = Release|Any CPU
		{CD1575CF-3067-4089-88C0-95DA4ADF4C96}.Release|Any CPU.Build.0 = Release|Any CPU
	EndGlobalSection
	GlobalSection(SolutionProperties) = preSolution
		HideSolutionNode = FALSE
	EndGlobalSection
	GlobalSection(NestedProjects) = preSolution
		{0F4F470A-ADD0-4CB0-9947-BCAA9D7C2BE0} = {6C5E17E4-C751-4A56-9755-EA88A9AD967C}
		{14B4B683-3A42-437D-88D7-02BF320A58A9} = {6C5E17E4-C751-4A56-9755-EA88A9AD967C}
		{CED9F225-72C0-46D2-A085-01B3DBA8CBEF} = {6C5E17E4-C751-4A56-9755-EA88A9AD967C}
		{F9A0215B-1811-4058-A0CD-90DF7A42452A} = {6C5E17E4-C751-4A56-9755-EA88A9AD967C}
		{03BE6706-5A66-490C-8DF7-CD5388C4D9AC} = {6C5E17E4-C751-4A56-9755-EA88A9AD967C}
		{C787C3F5-69E9-48EC-8C3B-F3B2E6421D36} = {6C5E17E4-C751-4A56-9755-EA88A9AD967C}
		{311ED64C-2D10-42CA-AEB0-B19E3EEF7615} = {6C5E17E4-C751-4A56-9755-EA88A9AD967C}
		{9B5DFD9D-23D4-4697-BB03-E434D3E3F7AF} = {6C5E17E4-C751-4A56-9755-EA88A9AD967C}
		{C6337A79-8792-4D2D-91AB-6891A7BFB621} = {6C5E17E4-C751-4A56-9755-EA88A9AD967C}
		{B4131179-6E12-4578-9131-11E1609A31B4} = {6C5E17E4-C751-4A56-9755-EA88A9AD967C}
		{33FC7B32-4B08-4DD3-9152-CE5CE0A0698D} = {6C5E17E4-C751-4A56-9755-EA88A9AD967C}
		{D90B1C01-BBAF-448E-9DAF-49C9D68DAD1D} = {6C5E17E4-C751-4A56-9755-EA88A9AD967C}
		{16A63677-D9B8-4FF9-9082-D85B96BACC48} = {6C5E17E4-C751-4A56-9755-EA88A9AD967C}
		{D427F01B-B3AA-46DE-B38A-6BDD00EA9430} = {6C5E17E4-C751-4A56-9755-EA88A9AD967C}
		{32DC1B70-9624-4A42-9A9A-1D96544C9B74} = {6C5E17E4-C751-4A56-9755-EA88A9AD967C}
		{9BFB455D-4B39-43C0-9B18-1E23020387F6} = {6C5E17E4-C751-4A56-9755-EA88A9AD967C}
		{102352C9-DC25-45CE-A172-16FA18D39C86} = {6C5E17E4-C751-4A56-9755-EA88A9AD967C}
		{35CB21F9-DC4B-4CF6-A7C0-7C291157BB6E} = {6C5E17E4-C751-4A56-9755-EA88A9AD967C}
		{CD1575CF-3067-4089-88C0-95DA4ADF4C96} = {F42C3564-A13E-49F6-ACA8-415F922531A2}
	EndGlobalSection
	GlobalSection(ExtensibilityGlobals) = postSolution
		SolutionGuid = {4591EBDF-6A57-46FE-8694-2FA0B4E6A9C6}
	EndGlobalSection
EndGlobal
